// !$*UTF8*$!
{
	archiveVersion = 1;
	classes = {
	};
	objectVersion = 46;
	objects = {

/* Begin PBXBuildFile section */
		7E0CAAC11CA729B300251288 /* AppDelegate.swift in Sources */ = {isa = PBXBuildFile; fileRef = 7E0CAAC01CA729B300251288 /* AppDelegate.swift */; };
		7E0CAAC31CA729B300251288 /* ViewController.swift in Sources */ = {isa = PBXBuildFile; fileRef = 7E0CAAC21CA729B300251288 /* ViewController.swift */; };
		7E0CAAC61CA729B300251288 /* Main.storyboard in Resources */ = {isa = PBXBuildFile; fileRef = 7E0CAAC41CA729B300251288 /* Main.storyboard */; };
		7E0CAACB1CA729B300251288 /* LaunchScreen.storyboard in Resources */ = {isa = PBXBuildFile; fileRef = 7E0CAAC91CA729B300251288 /* LaunchScreen.storyboard */; };
		7E36B2071CBDF41000E9B4A4 /* BTNavigationDropdownMenu.bundle in Resources */ = {isa = PBXBuildFile; fileRef = 7E36B2061CBDF41000E9B4A4 /* BTNavigationDropdownMenu.bundle */; };
		7E36B2091CBDF41700E9B4A4 /* BTNavigationDropdownMenu.swift in Sources */ = {isa = PBXBuildFile; fileRef = 7E36B2081CBDF41700E9B4A4 /* BTNavigationDropdownMenu.swift */; };
		7EBDEFA81CD4F6570031BD28 /* twittericon2.png in Resources */ = {isa = PBXBuildFile; fileRef = 7EBDEFA71CD4F6570031BD28 /* twittericon2.png */; };
		7EC1E1DD1CA7373000A41297 /* ResponsiveTextFieldViewController.swift in Sources */ = {isa = PBXBuildFile; fileRef = 7EC1E1DC1CA7373000A41297 /* ResponsiveTextFieldViewController.swift */; };
		7EC76F771CC1DB1D002E4DB3 /* CVAuxiliaryView.swift in Sources */ = {isa = PBXBuildFile; fileRef = 7EC76F5B1CC1DB1D002E4DB3 /* CVAuxiliaryView.swift */; };
		7EC76F781CC1DB1D002E4DB3 /* CVCalendarContentViewController.swift in Sources */ = {isa = PBXBuildFile; fileRef = 7EC76F5D1CC1DB1D002E4DB3 /* CVCalendarContentViewController.swift */; };
		7EC76F791CC1DB1D002E4DB3 /* CVCalendarDayView.swift in Sources */ = {isa = PBXBuildFile; fileRef = 7EC76F5E1CC1DB1D002E4DB3 /* CVCalendarDayView.swift */; };
		7EC76F7A1CC1DB1D002E4DB3 /* CVCalendarDayViewControlCoordinator.swift in Sources */ = {isa = PBXBuildFile; fileRef = 7EC76F5F1CC1DB1D002E4DB3 /* CVCalendarDayViewControlCoordinator.swift */; };
		7EC76F7B1CC1DB1D002E4DB3 /* CVCalendarManager.swift in Sources */ = {isa = PBXBuildFile; fileRef = 7EC76F601CC1DB1D002E4DB3 /* CVCalendarManager.swift */; };
		7EC76F7C1CC1DB1D002E4DB3 /* CVCalendarMenuView.swift in Sources */ = {isa = PBXBuildFile; fileRef = 7EC76F611CC1DB1D002E4DB3 /* CVCalendarMenuView.swift */; };
		7EC76F7D1CC1DB1D002E4DB3 /* CVCalendarMenuViewDelegate.swift in Sources */ = {isa = PBXBuildFile; fileRef = 7EC76F621CC1DB1D002E4DB3 /* CVCalendarMenuViewDelegate.swift */; };
		7EC76F7E1CC1DB1D002E4DB3 /* CVCalendarMonthContentViewController.swift in Sources */ = {isa = PBXBuildFile; fileRef = 7EC76F631CC1DB1D002E4DB3 /* CVCalendarMonthContentViewController.swift */; };
		7EC76F7F1CC1DB1D002E4DB3 /* CVCalendarMonthView.swift in Sources */ = {isa = PBXBuildFile; fileRef = 7EC76F641CC1DB1D002E4DB3 /* CVCalendarMonthView.swift */; };
		7EC76F801CC1DB1D002E4DB3 /* CVCalendarTouchController.swift in Sources */ = {isa = PBXBuildFile; fileRef = 7EC76F651CC1DB1D002E4DB3 /* CVCalendarTouchController.swift */; };
		7EC76F811CC1DB1D002E4DB3 /* CVCalendarView.swift in Sources */ = {isa = PBXBuildFile; fileRef = 7EC76F661CC1DB1D002E4DB3 /* CVCalendarView.swift */; };
		7EC76F821CC1DB1D002E4DB3 /* CVCalendarViewAnimator.swift in Sources */ = {isa = PBXBuildFile; fileRef = 7EC76F671CC1DB1D002E4DB3 /* CVCalendarViewAnimator.swift */; };
		7EC76F831CC1DB1D002E4DB3 /* CVCalendarViewAnimatorDelegate.swift in Sources */ = {isa = PBXBuildFile; fileRef = 7EC76F681CC1DB1D002E4DB3 /* CVCalendarViewAnimatorDelegate.swift */; };
		7EC76F841CC1DB1D002E4DB3 /* CVCalendarViewAppearance.swift in Sources */ = {isa = PBXBuildFile; fileRef = 7EC76F691CC1DB1D002E4DB3 /* CVCalendarViewAppearance.swift */; };
		7EC76F851CC1DB1D002E4DB3 /* CVCalendarViewAppearanceDelegate.swift in Sources */ = {isa = PBXBuildFile; fileRef = 7EC76F6A1CC1DB1D002E4DB3 /* CVCalendarViewAppearanceDelegate.swift */; };
		7EC76F861CC1DB1D002E4DB3 /* CVCalendarViewDelegate.swift in Sources */ = {isa = PBXBuildFile; fileRef = 7EC76F6B1CC1DB1D002E4DB3 /* CVCalendarViewDelegate.swift */; };
		7EC76F871CC1DB1D002E4DB3 /* CVCalendarViewPresentationMode.swift in Sources */ = {isa = PBXBuildFile; fileRef = 7EC76F6C1CC1DB1D002E4DB3 /* CVCalendarViewPresentationMode.swift */; };
		7EC76F881CC1DB1D002E4DB3 /* CVCalendarWeekContentViewController.swift in Sources */ = {isa = PBXBuildFile; fileRef = 7EC76F6D1CC1DB1D002E4DB3 /* CVCalendarWeekContentViewController.swift */; };
		7EC76F891CC1DB1D002E4DB3 /* CVCalendarWeekday.swift in Sources */ = {isa = PBXBuildFile; fileRef = 7EC76F6E1CC1DB1D002E4DB3 /* CVCalendarWeekday.swift */; };
		7EC76F8A1CC1DB1D002E4DB3 /* CVCalendarWeekView.swift in Sources */ = {isa = PBXBuildFile; fileRef = 7EC76F6F1CC1DB1D002E4DB3 /* CVCalendarWeekView.swift */; };
		7EC76F8B1CC1DB1D002E4DB3 /* CVDate.swift in Sources */ = {isa = PBXBuildFile; fileRef = 7EC76F701CC1DB1D002E4DB3 /* CVDate.swift */; };
		7EC76F8C1CC1DB1D002E4DB3 /* CVRange.swift in Sources */ = {isa = PBXBuildFile; fileRef = 7EC76F711CC1DB1D002E4DB3 /* CVRange.swift */; };
		7EC76F8D1CC1DB1D002E4DB3 /* CVScrollDirection.swift in Sources */ = {isa = PBXBuildFile; fileRef = 7EC76F721CC1DB1D002E4DB3 /* CVScrollDirection.swift */; };
		7EC76F8E1CC1DB1D002E4DB3 /* CVSelectionType.swift in Sources */ = {isa = PBXBuildFile; fileRef = 7EC76F731CC1DB1D002E4DB3 /* CVSelectionType.swift */; };
		7EC76F8F1CC1DB1D002E4DB3 /* CVSet.swift in Sources */ = {isa = PBXBuildFile; fileRef = 7EC76F741CC1DB1D002E4DB3 /* CVSet.swift */; };
		7EC76F901CC1DB1D002E4DB3 /* CVShape.swift in Sources */ = {isa = PBXBuildFile; fileRef = 7EC76F751CC1DB1D002E4DB3 /* CVShape.swift */; };
		7EC76F911CC1DB1D002E4DB3 /* CVWeekdaySymbolType.swift in Sources */ = {isa = PBXBuildFile; fileRef = 7EC76F761CC1DB1D002E4DB3 /* CVWeekdaySymbolType.swift */; };
		7ED4ED701CC0874C0004C7B3 /* Assets.xcassets in Resources */ = {isa = PBXBuildFile; fileRef = 7ED4ED6F1CC0874C0004C7B3 /* Assets.xcassets */; };
		CF56C75E1CC07F6700CDA8BC /* FileUtils.swift in Sources */ = {isa = PBXBuildFile; fileRef = CF56C75D1CC07F6700CDA8BC /* FileUtils.swift */; };
		CF56C7661CC1CF6000CDA8BC /* RegisterSaveOne.swift in Sources */ = {isa = PBXBuildFile; fileRef = CF56C7651CC1CF6000CDA8BC /* RegisterSaveOne.swift */; };
		CF56C7681CC1D43D00CDA8BC /* BadgeViewTwo.swift in Sources */ = {isa = PBXBuildFile; fileRef = CF56C7671CC1D43D00CDA8BC /* BadgeViewTwo.swift */; };
		CF56C7721CD43EDF00CDA8BC /* QuitfMoneyReg.swift in Sources */ = {isa = PBXBuildFile; fileRef = CF56C7711CD43EDF00CDA8BC /* QuitfMoneyReg.swift */; };
		CF56C7741CD43EE300CDA8BC /* QuitfMoneySave.swift in Sources */ = {isa = PBXBuildFile; fileRef = CF56C7731CD43EE300CDA8BC /* QuitfMoneySave.swift */; };
		CFBEE1B11CBDECF7009B73CB /* RegisterViewOne.swift in Sources */ = {isa = PBXBuildFile; fileRef = CFBEE1B01CBDECF7009B73CB /* RegisterViewOne.swift */; };
		CFBEE1B51CBDFDA6009B73CB /* BadgeViewOne.swift in Sources */ = {isa = PBXBuildFile; fileRef = CFBEE1B41CBDFDA6009B73CB /* BadgeViewOne.swift */; };
		EFF92FA21CBB3241006F0AC8 /* CheckBox.swift in Sources */ = {isa = PBXBuildFile; fileRef = EFF92FA11CBB3241006F0AC8 /* CheckBox.swift */; };
/* End PBXBuildFile section */

/* Begin PBXFileReference section */
		7E0CAABD1CA729B300251288 /* Quit Smoking.app */ = {isa = PBXFileReference; explicitFileType = wrapper.application; includeInIndex = 0; path = "Quit Smoking.app"; sourceTree = BUILT_PRODUCTS_DIR; };
		7E0CAAC01CA729B300251288 /* AppDelegate.swift */ = {isa = PBXFileReference; lastKnownFileType = sourcecode.swift; path = AppDelegate.swift; sourceTree = "<group>"; };
		7E0CAAC21CA729B300251288 /* ViewController.swift */ = {isa = PBXFileReference; lastKnownFileType = sourcecode.swift; path = ViewController.swift; sourceTree = "<group>"; };
		7E0CAAC51CA729B300251288 /* Base */ = {isa = PBXFileReference; lastKnownFileType = file.storyboard; name = Base; path = Base.lproj/Main.storyboard; sourceTree = "<group>"; };
		7E0CAACA1CA729B300251288 /* Base */ = {isa = PBXFileReference; lastKnownFileType = file.storyboard; name = Base; path = Base.lproj/LaunchScreen.storyboard; sourceTree = "<group>"; };
		7E0CAACC1CA729B300251288 /* Info.plist */ = {isa = PBXFileReference; lastKnownFileType = text.plist.xml; path = Info.plist; sourceTree = "<group>"; };
		7E36B2061CBDF41000E9B4A4 /* BTNavigationDropdownMenu.bundle */ = {isa = PBXFileReference; lastKnownFileType = "wrapper.plug-in"; path = BTNavigationDropdownMenu.bundle; sourceTree = "<group>"; };
		7E36B2081CBDF41700E9B4A4 /* BTNavigationDropdownMenu.swift */ = {isa = PBXFileReference; fileEncoding = 4; lastKnownFileType = sourcecode.swift; path = BTNavigationDropdownMenu.swift; sourceTree = "<group>"; };
		7EBDEFA71CD4F6570031BD28 /* twittericon2.png */ = {isa = PBXFileReference; lastKnownFileType = image.png; name = twittericon2.png; path = ../../../../../../../../Downloads/twittericon2.png; sourceTree = "<group>"; };
		7EC1E1DC1CA7373000A41297 /* ResponsiveTextFieldViewController.swift */ = {isa = PBXFileReference; fileEncoding = 4; lastKnownFileType = sourcecode.swift; path = ResponsiveTextFieldViewController.swift; sourceTree = "<group>"; };
		7EC76F5B1CC1DB1D002E4DB3 /* CVAuxiliaryView.swift */ = {isa = PBXFileReference; fileEncoding = 4; lastKnownFileType = sourcecode.swift; name = CVAuxiliaryView.swift; path = CVCalendar/CVAuxiliaryView.swift; sourceTree = "<group>"; };
		7EC76F5C1CC1DB1D002E4DB3 /* CVCalendar.h */ = {isa = PBXFileReference; fileEncoding = 4; lastKnownFileType = sourcecode.c.h; name = CVCalendar.h; path = CVCalendar/CVCalendar.h; sourceTree = "<group>"; };
		7EC76F5D1CC1DB1D002E4DB3 /* CVCalendarContentViewController.swift */ = {isa = PBXFileReference; fileEncoding = 4; lastKnownFileType = sourcecode.swift; name = CVCalendarContentViewController.swift; path = CVCalendar/CVCalendarContentViewController.swift; sourceTree = "<group>"; };
		7EC76F5E1CC1DB1D002E4DB3 /* CVCalendarDayView.swift */ = {isa = PBXFileReference; fileEncoding = 4; lastKnownFileType = sourcecode.swift; name = CVCalendarDayView.swift; path = CVCalendar/CVCalendarDayView.swift; sourceTree = "<group>"; };
		7EC76F5F1CC1DB1D002E4DB3 /* CVCalendarDayViewControlCoordinator.swift */ = {isa = PBXFileReference; fileEncoding = 4; lastKnownFileType = sourcecode.swift; name = CVCalendarDayViewControlCoordinator.swift; path = CVCalendar/CVCalendarDayViewControlCoordinator.swift; sourceTree = "<group>"; };
		7EC76F601CC1DB1D002E4DB3 /* CVCalendarManager.swift */ = {isa = PBXFileReference; fileEncoding = 4; lastKnownFileType = sourcecode.swift; name = CVCalendarManager.swift; path = CVCalendar/CVCalendarManager.swift; sourceTree = "<group>"; };
		7EC76F611CC1DB1D002E4DB3 /* CVCalendarMenuView.swift */ = {isa = PBXFileReference; fileEncoding = 4; lastKnownFileType = sourcecode.swift; name = CVCalendarMenuView.swift; path = CVCalendar/CVCalendarMenuView.swift; sourceTree = "<group>"; };
		7EC76F621CC1DB1D002E4DB3 /* CVCalendarMenuViewDelegate.swift */ = {isa = PBXFileReference; fileEncoding = 4; lastKnownFileType = sourcecode.swift; name = CVCalendarMenuViewDelegate.swift; path = CVCalendar/CVCalendarMenuViewDelegate.swift; sourceTree = "<group>"; };
		7EC76F631CC1DB1D002E4DB3 /* CVCalendarMonthContentViewController.swift */ = {isa = PBXFileReference; fileEncoding = 4; lastKnownFileType = sourcecode.swift; name = CVCalendarMonthContentViewController.swift; path = CVCalendar/CVCalendarMonthContentViewController.swift; sourceTree = "<group>"; };
		7EC76F641CC1DB1D002E4DB3 /* CVCalendarMonthView.swift */ = {isa = PBXFileReference; fileEncoding = 4; lastKnownFileType = sourcecode.swift; name = CVCalendarMonthView.swift; path = CVCalendar/CVCalendarMonthView.swift; sourceTree = "<group>"; };
		7EC76F651CC1DB1D002E4DB3 /* CVCalendarTouchController.swift */ = {isa = PBXFileReference; fileEncoding = 4; lastKnownFileType = sourcecode.swift; name = CVCalendarTouchController.swift; path = CVCalendar/CVCalendarTouchController.swift; sourceTree = "<group>"; };
		7EC76F661CC1DB1D002E4DB3 /* CVCalendarView.swift */ = {isa = PBXFileReference; fileEncoding = 4; lastKnownFileType = sourcecode.swift; name = CVCalendarView.swift; path = CVCalendar/CVCalendarView.swift; sourceTree = "<group>"; };
		7EC76F671CC1DB1D002E4DB3 /* CVCalendarViewAnimator.swift */ = {isa = PBXFileReference; fileEncoding = 4; lastKnownFileType = sourcecode.swift; name = CVCalendarViewAnimator.swift; path = CVCalendar/CVCalendarViewAnimator.swift; sourceTree = "<group>"; };
		7EC76F681CC1DB1D002E4DB3 /* CVCalendarViewAnimatorDelegate.swift */ = {isa = PBXFileReference; fileEncoding = 4; lastKnownFileType = sourcecode.swift; name = CVCalendarViewAnimatorDelegate.swift; path = CVCalendar/CVCalendarViewAnimatorDelegate.swift; sourceTree = "<group>"; };
		7EC76F691CC1DB1D002E4DB3 /* CVCalendarViewAppearance.swift */ = {isa = PBXFileReference; fileEncoding = 4; lastKnownFileType = sourcecode.swift; name = CVCalendarViewAppearance.swift; path = CVCalendar/CVCalendarViewAppearance.swift; sourceTree = "<group>"; };
		7EC76F6A1CC1DB1D002E4DB3 /* CVCalendarViewAppearanceDelegate.swift */ = {isa = PBXFileReference; fileEncoding = 4; lastKnownFileType = sourcecode.swift; name = CVCalendarViewAppearanceDelegate.swift; path = CVCalendar/CVCalendarViewAppearanceDelegate.swift; sourceTree = "<group>"; };
		7EC76F6B1CC1DB1D002E4DB3 /* CVCalendarViewDelegate.swift */ = {isa = PBXFileReference; fileEncoding = 4; lastKnownFileType = sourcecode.swift; name = CVCalendarViewDelegate.swift; path = CVCalendar/CVCalendarViewDelegate.swift; sourceTree = "<group>"; };
		7EC76F6C1CC1DB1D002E4DB3 /* CVCalendarViewPresentationMode.swift */ = {isa = PBXFileReference; fileEncoding = 4; lastKnownFileType = sourcecode.swift; name = CVCalendarViewPresentationMode.swift; path = CVCalendar/CVCalendarViewPresentationMode.swift; sourceTree = "<group>"; };
		7EC76F6D1CC1DB1D002E4DB3 /* CVCalendarWeekContentViewController.swift */ = {isa = PBXFileReference; fileEncoding = 4; lastKnownFileType = sourcecode.swift; name = CVCalendarWeekContentViewController.swift; path = CVCalendar/CVCalendarWeekContentViewController.swift; sourceTree = "<group>"; };
		7EC76F6E1CC1DB1D002E4DB3 /* CVCalendarWeekday.swift */ = {isa = PBXFileReference; fileEncoding = 4; lastKnownFileType = sourcecode.swift; name = CVCalendarWeekday.swift; path = CVCalendar/CVCalendarWeekday.swift; sourceTree = "<group>"; };
		7EC76F6F1CC1DB1D002E4DB3 /* CVCalendarWeekView.swift */ = {isa = PBXFileReference; fileEncoding = 4; lastKnownFileType = sourcecode.swift; name = CVCalendarWeekView.swift; path = CVCalendar/CVCalendarWeekView.swift; sourceTree = "<group>"; };
		7EC76F701CC1DB1D002E4DB3 /* CVDate.swift */ = {isa = PBXFileReference; fileEncoding = 4; lastKnownFileType = sourcecode.swift; name = CVDate.swift; path = CVCalendar/CVDate.swift; sourceTree = "<group>"; };
		7EC76F711CC1DB1D002E4DB3 /* CVRange.swift */ = {isa = PBXFileReference; fileEncoding = 4; lastKnownFileType = sourcecode.swift; name = CVRange.swift; path = CVCalendar/CVRange.swift; sourceTree = "<group>"; };
		7EC76F721CC1DB1D002E4DB3 /* CVScrollDirection.swift */ = {isa = PBXFileReference; fileEncoding = 4; lastKnownFileType = sourcecode.swift; name = CVScrollDirection.swift; path = CVCalendar/CVScrollDirection.swift; sourceTree = "<group>"; };
		7EC76F731CC1DB1D002E4DB3 /* CVSelectionType.swift */ = {isa = PBXFileReference; fileEncoding = 4; lastKnownFileType = sourcecode.swift; name = CVSelectionType.swift; path = CVCalendar/CVSelectionType.swift; sourceTree = "<group>"; };
		7EC76F741CC1DB1D002E4DB3 /* CVSet.swift */ = {isa = PBXFileReference; fileEncoding = 4; lastKnownFileType = sourcecode.swift; name = CVSet.swift; path = CVCalendar/CVSet.swift; sourceTree = "<group>"; };
		7EC76F751CC1DB1D002E4DB3 /* CVShape.swift */ = {isa = PBXFileReference; fileEncoding = 4; lastKnownFileType = sourcecode.swift; name = CVShape.swift; path = CVCalendar/CVShape.swift; sourceTree = "<group>"; };
		7EC76F761CC1DB1D002E4DB3 /* CVWeekdaySymbolType.swift */ = {isa = PBXFileReference; fileEncoding = 4; lastKnownFileType = sourcecode.swift; name = CVWeekdaySymbolType.swift; path = CVCalendar/CVWeekdaySymbolType.swift; sourceTree = "<group>"; };
		7ED4ED6F1CC0874C0004C7B3 /* Assets.xcassets */ = {isa = PBXFileReference; lastKnownFileType = folder.assetcatalog; path = Assets.xcassets; sourceTree = "<group>"; };
		CF56C75D1CC07F6700CDA8BC /* FileUtils.swift */ = {isa = PBXFileReference; fileEncoding = 4; lastKnownFileType = sourcecode.swift; path = FileUtils.swift; sourceTree = "<group>"; };
		CF56C7651CC1CF6000CDA8BC /* RegisterSaveOne.swift */ = {isa = PBXFileReference; fileEncoding = 4; lastKnownFileType = sourcecode.swift; path = RegisterSaveOne.swift; sourceTree = "<group>"; };
		CF56C7671CC1D43D00CDA8BC /* BadgeViewTwo.swift */ = {isa = PBXFileReference; fileEncoding = 4; lastKnownFileType = sourcecode.swift; path = BadgeViewTwo.swift; sourceTree = "<group>"; };
		CF56C7711CD43EDF00CDA8BC /* QuitfMoneyReg.swift */ = {isa = PBXFileReference; fileEncoding = 4; lastKnownFileType = sourcecode.swift; path = QuitfMoneyReg.swift; sourceTree = "<group>"; };
		CF56C7731CD43EE300CDA8BC /* QuitfMoneySave.swift */ = {isa = PBXFileReference; fileEncoding = 4; lastKnownFileType = sourcecode.swift; path = QuitfMoneySave.swift; sourceTree = "<group>"; };
		CFBEE1B01CBDECF7009B73CB /* RegisterViewOne.swift */ = {isa = PBXFileReference; fileEncoding = 4; lastKnownFileType = sourcecode.swift; path = RegisterViewOne.swift; sourceTree = "<group>"; };
		CFBEE1B41CBDFDA6009B73CB /* BadgeViewOne.swift */ = {isa = PBXFileReference; fileEncoding = 4; lastKnownFileType = sourcecode.swift; path = BadgeViewOne.swift; sourceTree = "<group>"; };
		EFF92FA11CBB3241006F0AC8 /* CheckBox.swift */ = {isa = PBXFileReference; fileEncoding = 4; lastKnownFileType = sourcecode.swift; path = CheckBox.swift; sourceTree = "<group>"; };
/* End PBXFileReference section */

/* Begin PBXFrameworksBuildPhase section */
		7E0CAABA1CA729B300251288 /* Frameworks */ = {
			isa = PBXFrameworksBuildPhase;
			buildActionMask = 2147483647;
			files = (
			);
			runOnlyForDeploymentPostprocessing = 0;
		};
/* End PBXFrameworksBuildPhase section */

/* Begin PBXGroup section */
		7E0CAAB41CA729B300251288 = {
			isa = PBXGroup;
			children = (
				7E0CAABF1CA729B300251288 /* Quit Smoking */,
				7E0CAABE1CA729B300251288 /* Products */,
			);
			sourceTree = "<group>";
		};
		7E0CAABE1CA729B300251288 /* Products */ = {
			isa = PBXGroup;
			children = (
				7E0CAABD1CA729B300251288 /* Quit Smoking.app */,
			);
			name = Products;
			sourceTree = "<group>";
		};
		7E0CAABF1CA729B300251288 /* Quit Smoking */ = {
			isa = PBXGroup;
			children = (
				7EBDEFA71CD4F6570031BD28 /* twittericon2.png */,
				7EC76F5A1CC1DAD1002E4DB3 /* CVCalender */,
				7E36B2081CBDF41700E9B4A4 /* BTNavigationDropdownMenu.swift */,
				7E36B2061CBDF41000E9B4A4 /* BTNavigationDropdownMenu.bundle */,
				7E0CAAC01CA729B300251288 /* AppDelegate.swift */,
				7E0CAAC21CA729B300251288 /* ViewController.swift */,
				7E0CAAC41CA729B300251288 /* Main.storyboard */,
				7ED4ED6F1CC0874C0004C7B3 /* Assets.xcassets */,
				EFF92FA11CBB3241006F0AC8 /* CheckBox.swift */,
				7E0CAAC91CA729B300251288 /* LaunchScreen.storyboard */,
				7E0CAACC1CA729B300251288 /* Info.plist */,
				7EC1E1DC1CA7373000A41297 /* ResponsiveTextFieldViewController.swift */,
				CFBEE1B01CBDECF7009B73CB /* RegisterViewOne.swift */,
				CFBEE1B41CBDFDA6009B73CB /* BadgeViewOne.swift */,
				CF56C75D1CC07F6700CDA8BC /* FileUtils.swift */,
				CF56C7711CD43EDF00CDA8BC /* QuitfMoneyReg.swift */,
				CF56C7731CD43EE300CDA8BC /* QuitfMoneySave.swift */,
				CF56C7651CC1CF6000CDA8BC /* RegisterSaveOne.swift */,
				CF56C7671CC1D43D00CDA8BC /* BadgeViewTwo.swift */,
			);
			path = "Quit Smoking";
			sourceTree = "<group>";
		};
		7EC76F5A1CC1DAD1002E4DB3 /* CVCalender */ = {
			isa = PBXGroup;
			children = (
				7EC76F5B1CC1DB1D002E4DB3 /* CVAuxiliaryView.swift */,
				7EC76F5C1CC1DB1D002E4DB3 /* CVCalendar.h */,
				7EC76F5D1CC1DB1D002E4DB3 /* CVCalendarContentViewController.swift */,
				7EC76F5E1CC1DB1D002E4DB3 /* CVCalendarDayView.swift */,
				7EC76F5F1CC1DB1D002E4DB3 /* CVCalendarDayViewControlCoordinator.swift */,
				7EC76F601CC1DB1D002E4DB3 /* CVCalendarManager.swift */,
				7EC76F611CC1DB1D002E4DB3 /* CVCalendarMenuView.swift */,
				7EC76F621CC1DB1D002E4DB3 /* CVCalendarMenuViewDelegate.swift */,
				7EC76F631CC1DB1D002E4DB3 /* CVCalendarMonthContentViewController.swift */,
				7EC76F641CC1DB1D002E4DB3 /* CVCalendarMonthView.swift */,
				7EC76F651CC1DB1D002E4DB3 /* CVCalendarTouchController.swift */,
				7EC76F661CC1DB1D002E4DB3 /* CVCalendarView.swift */,
				7EC76F671CC1DB1D002E4DB3 /* CVCalendarViewAnimator.swift */,
				7EC76F681CC1DB1D002E4DB3 /* CVCalendarViewAnimatorDelegate.swift */,
				7EC76F691CC1DB1D002E4DB3 /* CVCalendarViewAppearance.swift */,
				7EC76F6A1CC1DB1D002E4DB3 /* CVCalendarViewAppearanceDelegate.swift */,
				7EC76F6B1CC1DB1D002E4DB3 /* CVCalendarViewDelegate.swift */,
				7EC76F6C1CC1DB1D002E4DB3 /* CVCalendarViewPresentationMode.swift */,
				7EC76F6D1CC1DB1D002E4DB3 /* CVCalendarWeekContentViewController.swift */,
				7EC76F6E1CC1DB1D002E4DB3 /* CVCalendarWeekday.swift */,
				7EC76F6F1CC1DB1D002E4DB3 /* CVCalendarWeekView.swift */,
				7EC76F701CC1DB1D002E4DB3 /* CVDate.swift */,
				7EC76F711CC1DB1D002E4DB3 /* CVRange.swift */,
				7EC76F721CC1DB1D002E4DB3 /* CVScrollDirection.swift */,
				7EC76F731CC1DB1D002E4DB3 /* CVSelectionType.swift */,
				7EC76F741CC1DB1D002E4DB3 /* CVSet.swift */,
				7EC76F751CC1DB1D002E4DB3 /* CVShape.swift */,
				7EC76F761CC1DB1D002E4DB3 /* CVWeekdaySymbolType.swift */,
			);
			name = CVCalender;
			sourceTree = "<group>";
		};
/* End PBXGroup section */

/* Begin PBXNativeTarget section */
		7E0CAABC1CA729B300251288 /* Quit Smoking */ = {
			isa = PBXNativeTarget;
			buildConfigurationList = 7E0CAACF1CA729B300251288 /* Build configuration list for PBXNativeTarget "Quit Smoking" */;
			buildPhases = (
				7E0CAAB91CA729B300251288 /* Sources */,
				7E0CAABA1CA729B300251288 /* Frameworks */,
				7E0CAABB1CA729B300251288 /* Resources */,
			);
			buildRules = (
			);
			dependencies = (
			);
			name = "Quit Smoking";
			productName = "Quit Smoking";
			productReference = 7E0CAABD1CA729B300251288 /* Quit Smoking.app */;
			productType = "com.apple.product-type.application";
		};
/* End PBXNativeTarget section */

/* Begin PBXProject section */
		7E0CAAB51CA729B300251288 /* Project object */ = {
			isa = PBXProject;
			attributes = {
				LastSwiftUpdateCheck = 0730;
				LastUpgradeCheck = 0730;
				ORGANIZATIONNAME = "Le Tang Boon";
				TargetAttributes = {
					7E0CAABC1CA729B300251288 = {
						CreatedOnToolsVersion = 7.3;
						DevelopmentTeam = 96XBZBC874;
					};
				};
			};
			buildConfigurationList = 7E0CAAB81CA729B300251288 /* Build configuration list for PBXProject "Quit Smoking" */;
			compatibilityVersion = "Xcode 3.2";
			developmentRegion = English;
			hasScannedForEncodings = 0;
			knownRegions = (
				en,
				Base,
			);
			mainGroup = 7E0CAAB41CA729B300251288;
			productRefGroup = 7E0CAABE1CA729B300251288 /* Products */;
			projectDirPath = "";
			projectRoot = "";
			targets = (
				7E0CAABC1CA729B300251288 /* Quit Smoking */,
			);
		};
/* End PBXProject section */

/* Begin PBXResourcesBuildPhase section */
		7E0CAABB1CA729B300251288 /* Resources */ = {
			isa = PBXResourcesBuildPhase;
			buildActionMask = 2147483647;
			files = (
				7EBDEFA81CD4F6570031BD28 /* twittericon2.png in Resources */,
				7E0CAACB1CA729B300251288 /* LaunchScreen.storyboard in Resources */,
				7E0CAAC61CA729B300251288 /* Main.storyboard in Resources */,
				7ED4ED701CC0874C0004C7B3 /* Assets.xcassets in Resources */,
				7E36B2071CBDF41000E9B4A4 /* BTNavigationDropdownMenu.bundle in Resources */,
			);
			runOnlyForDeploymentPostprocessing = 0;
		};
/* End PBXResourcesBuildPhase section */

/* Begin PBXSourcesBuildPhase section */
		7E0CAAB91CA729B300251288 /* Sources */ = {
			isa = PBXSourcesBuildPhase;
			buildActionMask = 2147483647;
			files = (
				7EC76F8F1CC1DB1D002E4DB3 /* CVSet.swift in Sources */,
				CF56C7721CD43EDF00CDA8BC /* QuitfMoneyReg.swift in Sources */,
				7EC76F801CC1DB1D002E4DB3 /* CVCalendarTouchController.swift in Sources */,
				7EC76F791CC1DB1D002E4DB3 /* CVCalendarDayView.swift in Sources */,
				7EC76F771CC1DB1D002E4DB3 /* CVAuxiliaryView.swift in Sources */,
				7EC76F781CC1DB1D002E4DB3 /* CVCalendarContentViewController.swift in Sources */,
				EFF92FA21CBB3241006F0AC8 /* CheckBox.swift in Sources */,
				7EC76F881CC1DB1D002E4DB3 /* CVCalendarWeekContentViewController.swift in Sources */,
				7EC76F851CC1DB1D002E4DB3 /* CVCalendarViewAppearanceDelegate.swift in Sources */,
				CF56C7741CD43EE300CDA8BC /* QuitfMoneySave.swift in Sources */,
				7EC76F891CC1DB1D002E4DB3 /* CVCalendarWeekday.swift in Sources */,
				7EC76F7F1CC1DB1D002E4DB3 /* CVCalendarMonthView.swift in Sources */,
				7EC76F911CC1DB1D002E4DB3 /* CVWeekdaySymbolType.swift in Sources */,
				7EC76F8E1CC1DB1D002E4DB3 /* CVSelectionType.swift in Sources */,
				7E36B2091CBDF41700E9B4A4 /* BTNavigationDropdownMenu.swift in Sources */,
				7EC76F841CC1DB1D002E4DB3 /* CVCalendarViewAppearance.swift in Sources */,
				CFBEE1B11CBDECF7009B73CB /* RegisterViewOne.swift in Sources */,
				7EC76F901CC1DB1D002E4DB3 /* CVShape.swift in Sources */,
				7EC76F7C1CC1DB1D002E4DB3 /* CVCalendarMenuView.swift in Sources */,
				7EC76F8D1CC1DB1D002E4DB3 /* CVScrollDirection.swift in Sources */,
				7EC76F8A1CC1DB1D002E4DB3 /* CVCalendarWeekView.swift in Sources */,
				7EC76F8C1CC1DB1D002E4DB3 /* CVRange.swift in Sources */,
				7EC76F7B1CC1DB1D002E4DB3 /* CVCalendarManager.swift in Sources */,
				7EC76F871CC1DB1D002E4DB3 /* CVCalendarViewPresentationMode.swift in Sources */,
				7EC76F7D1CC1DB1D002E4DB3 /* CVCalendarMenuViewDelegate.swift in Sources */,
				7EC76F811CC1DB1D002E4DB3 /* CVCalendarView.swift in Sources */,
				CF56C75E1CC07F6700CDA8BC /* FileUtils.swift in Sources */,
				7EC76F7E1CC1DB1D002E4DB3 /* CVCalendarMonthContentViewController.swift in Sources */,
				7EC1E1DD1CA7373000A41297 /* ResponsiveTextFieldViewController.swift in Sources */,
				7E0CAAC31CA729B300251288 /* ViewController.swift in Sources */,
				CFBEE1B51CBDFDA6009B73CB /* BadgeViewOne.swift in Sources */,
				CF56C7681CC1D43D00CDA8BC /* BadgeViewTwo.swift in Sources */,
				7EC76F861CC1DB1D002E4DB3 /* CVCalendarViewDelegate.swift in Sources */,
				7EC76F821CC1DB1D002E4DB3 /* CVCalendarViewAnimator.swift in Sources */,
				7EC76F7A1CC1DB1D002E4DB3 /* CVCalendarDayViewControlCoordinator.swift in Sources */,
				7EC76F831CC1DB1D002E4DB3 /* CVCalendarViewAnimatorDelegate.swift in Sources */,
				7EC76F8B1CC1DB1D002E4DB3 /* CVDate.swift in Sources */,
				CF56C7661CC1CF6000CDA8BC /* RegisterSaveOne.swift in Sources */,
				7E0CAAC11CA729B300251288 /* AppDelegate.swift in Sources */,
			);
			runOnlyForDeploymentPostprocessing = 0;
		};
/* End PBXSourcesBuildPhase section */

/* Begin PBXVariantGroup section */
		7E0CAAC41CA729B300251288 /* Main.storyboard */ = {
			isa = PBXVariantGroup;
			children = (
				7E0CAAC51CA729B300251288 /* Base */,
			);
			name = Main.storyboard;
			sourceTree = "<group>";
		};
		7E0CAAC91CA729B300251288 /* LaunchScreen.storyboard */ = {
			isa = PBXVariantGroup;
			children = (
				7E0CAACA1CA729B300251288 /* Base */,
			);
			name = LaunchScreen.storyboard;
			sourceTree = "<group>";
		};
/* End PBXVariantGroup section */

/* Begin XCBuildConfiguration section */
		7E0CAACD1CA729B300251288 /* Debug */ = {
			isa = XCBuildConfiguration;
			buildSettings = {
				ALWAYS_SEARCH_USER_PATHS = NO;
				CLANG_ANALYZER_NONNULL = YES;
				CLANG_CXX_LANGUAGE_STANDARD = "gnu++0x";
				CLANG_CXX_LIBRARY = "libc++";
				CLANG_ENABLE_MODULES = YES;
				CLANG_ENABLE_OBJC_ARC = YES;
				CLANG_WARN_BOOL_CONVERSION = YES;
				CLANG_WARN_CONSTANT_CONVERSION = YES;
				CLANG_WARN_DIRECT_OBJC_ISA_USAGE = YES_ERROR;
				CLANG_WARN_EMPTY_BODY = YES;
				CLANG_WARN_ENUM_CONVERSION = YES;
				CLANG_WARN_INT_CONVERSION = YES;
				CLANG_WARN_OBJC_ROOT_CLASS = YES_ERROR;
				CLANG_WARN_UNREACHABLE_CODE = YES;
				CLANG_WARN__DUPLICATE_METHOD_MATCH = YES;
				"CODE_SIGN_IDENTITY[sdk=iphoneos*]" = "iPhone Developer";
				COPY_PHASE_STRIP = NO;
				DEBUG_INFORMATION_FORMAT = dwarf;
				ENABLE_STRICT_OBJC_MSGSEND = YES;
				ENABLE_TESTABILITY = YES;
				GCC_C_LANGUAGE_STANDARD = gnu99;
				GCC_DYNAMIC_NO_PIC = NO;
				GCC_NO_COMMON_BLOCKS = YES;
				GCC_OPTIMIZATION_LEVEL = 0;
				GCC_PREPROCESSOR_DEFINITIONS = (
					"DEBUG=1",
					"$(inherited)",
				);
				GCC_WARN_64_TO_32_BIT_CONVERSION = YES;
				GCC_WARN_ABOUT_RETURN_TYPE = YES_ERROR;
				GCC_WARN_UNDECLARED_SELECTOR = YES;
				GCC_WARN_UNINITIALIZED_AUTOS = YES_AGGRESSIVE;
				GCC_WARN_UNUSED_FUNCTION = YES;
				GCC_WARN_UNUSED_VARIABLE = YES;
				IPHONEOS_DEPLOYMENT_TARGET = 9.3;
				MTL_ENABLE_DEBUG_INFO = YES;
				ONLY_ACTIVE_ARCH = YES;
				SDKROOT = iphoneos;
				SWIFT_OPTIMIZATION_LEVEL = "-Onone";
			};
			name = Debug;
		};
		7E0CAACE1CA729B300251288 /* Release */ = {
			isa = XCBuildConfiguration;
			buildSettings = {
				ALWAYS_SEARCH_USER_PATHS = NO;
				CLANG_ANALYZER_NONNULL = YES;
				CLANG_CXX_LANGUAGE_STANDARD = "gnu++0x";
				CLANG_CXX_LIBRARY = "libc++";
				CLANG_ENABLE_MODULES = YES;
				CLANG_ENABLE_OBJC_ARC = YES;
				CLANG_WARN_BOOL_CONVERSION = YES;
				CLANG_WARN_CONSTANT_CONVERSION = YES;
				CLANG_WARN_DIRECT_OBJC_ISA_USAGE = YES_ERROR;
				CLANG_WARN_EMPTY_BODY = YES;
				CLANG_WARN_ENUM_CONVERSION = YES;
				CLANG_WARN_INT_CONVERSION = YES;
				CLANG_WARN_OBJC_ROOT_CLASS = YES_ERROR;
				CLANG_WARN_UNREACHABLE_CODE = YES;
				CLANG_WARN__DUPLICATE_METHOD_MATCH = YES;
				"CODE_SIGN_IDENTITY[sdk=iphoneos*]" = "iPhone Developer";
				COPY_PHASE_STRIP = NO;
				DEBUG_INFORMATION_FORMAT = "dwarf-with-dsym";
				ENABLE_NS_ASSERTIONS = NO;
				ENABLE_STRICT_OBJC_MSGSEND = YES;
				GCC_C_LANGUAGE_STANDARD = gnu99;
				GCC_NO_COMMON_BLOCKS = YES;
				GCC_WARN_64_TO_32_BIT_CONVERSION = YES;
				GCC_WARN_ABOUT_RETURN_TYPE = YES_ERROR;
				GCC_WARN_UNDECLARED_SELECTOR = YES;
				GCC_WARN_UNINITIALIZED_AUTOS = YES_AGGRESSIVE;
				GCC_WARN_UNUSED_FUNCTION = YES;
				GCC_WARN_UNUSED_VARIABLE = YES;
				IPHONEOS_DEPLOYMENT_TARGET = 9.3;
				MTL_ENABLE_DEBUG_INFO = NO;
				SDKROOT = iphoneos;
				VALIDATE_PRODUCT = YES;
			};
			name = Release;
		};
		7E0CAAD01CA729B300251288 /* Debug */ = {
			isa = XCBuildConfiguration;
			buildSettings = {
				ASSETCATALOG_COMPILER_APPICON_NAME = AppIcon;
				ASSETCATALOG_COMPILER_LAUNCHIMAGE_NAME = "Brand Assets";
				CODE_SIGN_IDENTITY = "iPhone Developer";
				"CODE_SIGN_IDENTITY[sdk=iphoneos*]" = "iPhone Developer";
				INFOPLIST_FILE = "Quit Smoking/Info.plist";
				LD_RUNPATH_SEARCH_PATHS = "$(inherited) @executable_path/Frameworks";
				PRODUCT_BUNDLE_IDENTIFIER = "blt.Quit-Smoking";
				PRODUCT_NAME = "$(TARGET_NAME)";
				PROVISIONING_PROFILE = "";
				TARGETED_DEVICE_FAMILY = "1,2";
			};
			name = Debug;
		};
		7E0CAAD11CA729B300251288 /* Release */ = {
			isa = XCBuildConfiguration;
			buildSettings = {
				ASSETCATALOG_COMPILER_APPICON_NAME = AppIcon;
				ASSETCATALOG_COMPILER_LAUNCHIMAGE_NAME = "Brand Assets";
				CODE_SIGN_IDENTITY = "iPhone Developer";
				"CODE_SIGN_IDENTITY[sdk=iphoneos*]" = "iPhone Developer";
				INFOPLIST_FILE = "Quit Smoking/Info.plist";
				LD_RUNPATH_SEARCH_PATHS = "$(inherited) @executable_path/Frameworks";
				PRODUCT_BUNDLE_IDENTIFIER = "blt.Quit-Smoking";
				PRODUCT_NAME = "$(TARGET_NAME)";
				PROVISIONING_PROFILE = "";
				TARGETED_DEVICE_FAMILY = "1,2";
			};
			name = Release;
		};
/* End XCBuildConfiguration section */

/* Begin XCConfigurationList section */
		7E0CAAB81CA729B300251288 /* Build configuration list for PBXProject "Quit Smoking" */ = {
			isa = XCConfigurationList;
			buildConfigurations = (
				7E0CAACD1CA729B300251288 /* Debug */,
				7E0CAACE1CA729B300251288 /* Release */,
			);
			defaultConfigurationIsVisible = 0;
			defaultConfigurationName = Release;
		};
		7E0CAACF1CA729B300251288 /* Build configuration list for PBXNativeTarget "Quit Smoking" */ = {
			isa = XCConfigurationList;
			buildConfigurations = (
				7E0CAAD01CA729B300251288 /* Debug */,
				7E0CAAD11CA729B300251288 /* Release */,
			);
			defaultConfigurationIsVisible = 0;
			defaultConfigurationName = Release;
		};
/* End XCConfigurationList section */
	};
	rootObject = 7E0CAAB51CA729B300251288 /* Project object */;
}
