// !$*UTF8*$!
{
	archiveVersion = 1;
	classes = {
	};
	objectVersion = 46;
	objects = {

/* Begin PBXBuildFile section */
		7E0CAAC11CA729B300251288 /* AppDelegate.swift in Sources */ = {isa = PBXBuildFile; fileRef = 7E0CAAC01CA729B300251288 /* AppDelegate.swift */; };
		7E0CAAC31CA729B300251288 /* ViewController.swift in Sources */ = {isa = PBXBuildFile; fileRef = 7E0CAAC21CA729B300251288 /* ViewController.swift */; };
		7E0CAAC61CA729B300251288 /* Main.storyboard in Resources */ = {isa = PBXBuildFile; fileRef = 7E0CAAC41CA729B300251288 /* Main.storyboard */; };
		7E0CAACB1CA729B300251288 /* LaunchScreen.storyboard in Resources */ = {isa = PBXBuildFile; fileRef = 7E0CAAC91CA729B300251288 /* LaunchScreen.storyboard */; };
		7E36B2071CBDF41000E9B4A4 /* BTNavigationDropdownMenu.bundle in Resources */ = {isa = PBXBuildFile; fileRef = 7E36B2061CBDF41000E9B4A4 /* BTNavigationDropdownMenu.bundle */; };
		7E36B2091CBDF41700E9B4A4 /* BTNavigationDropdownMenu.swift in Sources */ = {isa = PBXBuildFile; fileRef = 7E36B2081CBDF41700E9B4A4 /* BTNavigationDropdownMenu.swift */; };
		7EC1E1DD1CA7373000A41297 /* ResponsiveTextFieldViewController.swift in Sources */ = {isa = PBXBuildFile; fileRef = 7EC1E1DC1CA7373000A41297 /* ResponsiveTextFieldViewController.swift */; };
		7ED4ED701CC0874C0004C7B3 /* Assets.xcassets in Resources */ = {isa = PBXBuildFile; fileRef = 7ED4ED6F1CC0874C0004C7B3 /* Assets.xcassets */; };
		CF56C75E1CC07F6700CDA8BC /* FileUtils.swift in Sources */ = {isa = PBXBuildFile; fileRef = CF56C75D1CC07F6700CDA8BC /* FileUtils.swift */; };
		CF56C7661CC1CF6000CDA8BC /* RegisterSaveOne.swift in Sources */ = {isa = PBXBuildFile; fileRef = CF56C7651CC1CF6000CDA8BC /* RegisterSaveOne.swift */; };
		CF56C7681CC1D43D00CDA8BC /* BadgeViewTwo.swift in Sources */ = {isa = PBXBuildFile; fileRef = CF56C7671CC1D43D00CDA8BC /* BadgeViewTwo.swift */; };
		CFBEE1B11CBDECF7009B73CB /* RegisterViewOne.swift in Sources */ = {isa = PBXBuildFile; fileRef = CFBEE1B01CBDECF7009B73CB /* RegisterViewOne.swift */; };
		CFBEE1B51CBDFDA6009B73CB /* BadgeViewOne.swift in Sources */ = {isa = PBXBuildFile; fileRef = CFBEE1B41CBDFDA6009B73CB /* BadgeViewOne.swift */; };
		EF3087001CBDD24A004CB7B2 /* title.png in Resources */ = {isa = PBXBuildFile; fileRef = EF3086FF1CBDD24A004CB7B2 /* title.png */; };
		EFF92FA21CBB3241006F0AC8 /* CheckBox.swift in Sources */ = {isa = PBXBuildFile; fileRef = EFF92FA11CBB3241006F0AC8 /* CheckBox.swift */; };
		EFF92FA51CBB33FB006F0AC8 /* checked_checkbox.png in Resources */ = {isa = PBXBuildFile; fileRef = EFF92FA31CBB33FB006F0AC8 /* checked_checkbox.png */; };
		EFF92FA61CBB33FB006F0AC8 /* unchecked_checkbox.png in Resources */ = {isa = PBXBuildFile; fileRef = EFF92FA41CBB33FB006F0AC8 /* unchecked_checkbox.png */; };
		EFF92FA81CBB3903006F0AC8 /* app_logo.png in Resources */ = {isa = PBXBuildFile; fileRef = EFF92FA71CBB3903006F0AC8 /* app_logo.png */; };
/* End PBXBuildFile section */

/* Begin PBXFileReference section */
		7E0CAABD1CA729B300251288 /* Quit Smoking.app */ = {isa = PBXFileReference; explicitFileType = wrapper.application; includeInIndex = 0; path = "Quit Smoking.app"; sourceTree = BUILT_PRODUCTS_DIR; };
		7E0CAAC01CA729B300251288 /* AppDelegate.swift */ = {isa = PBXFileReference; lastKnownFileType = sourcecode.swift; path = AppDelegate.swift; sourceTree = "<group>"; };
		7E0CAAC21CA729B300251288 /* ViewController.swift */ = {isa = PBXFileReference; lastKnownFileType = sourcecode.swift; path = ViewController.swift; sourceTree = "<group>"; };
		7E0CAAC51CA729B300251288 /* Base */ = {isa = PBXFileReference; lastKnownFileType = file.storyboard; name = Base; path = Base.lproj/Main.storyboard; sourceTree = "<group>"; };
		7E0CAACA1CA729B300251288 /* Base */ = {isa = PBXFileReference; lastKnownFileType = file.storyboard; name = Base; path = Base.lproj/LaunchScreen.storyboard; sourceTree = "<group>"; };
		7E0CAACC1CA729B300251288 /* Info.plist */ = {isa = PBXFileReference; lastKnownFileType = text.plist.xml; path = Info.plist; sourceTree = "<group>"; };
		7E36B2061CBDF41000E9B4A4 /* BTNavigationDropdownMenu.bundle */ = {isa = PBXFileReference; lastKnownFileType = "wrapper.plug-in"; path = BTNavigationDropdownMenu.bundle; sourceTree = "<group>"; };
		7E36B2081CBDF41700E9B4A4 /* BTNavigationDropdownMenu.swift */ = {isa = PBXFileReference; fileEncoding = 4; lastKnownFileType = sourcecode.swift; path = BTNavigationDropdownMenu.swift; sourceTree = "<group>"; };
		7EC1E1DC1CA7373000A41297 /* ResponsiveTextFieldViewController.swift */ = {isa = PBXFileReference; fileEncoding = 4; lastKnownFileType = sourcecode.swift; path = ResponsiveTextFieldViewController.swift; sourceTree = "<group>"; };
		7ED4ED6F1CC0874C0004C7B3 /* Assets.xcassets */ = {isa = PBXFileReference; lastKnownFileType = folder.assetcatalog; path = Assets.xcassets; sourceTree = "<group>"; };
		CF56C75D1CC07F6700CDA8BC /* FileUtils.swift */ = {isa = PBXFileReference; fileEncoding = 4; lastKnownFileType = sourcecode.swift; path = FileUtils.swift; sourceTree = "<group>"; };
		CF56C7651CC1CF6000CDA8BC /* RegisterSaveOne.swift */ = {isa = PBXFileReference; fileEncoding = 4; lastKnownFileType = sourcecode.swift; path = RegisterSaveOne.swift; sourceTree = "<group>"; };
		CF56C7671CC1D43D00CDA8BC /* BadgeViewTwo.swift */ = {isa = PBXFileReference; fileEncoding = 4; lastKnownFileType = sourcecode.swift; path = BadgeViewTwo.swift; sourceTree = "<group>"; };
		CFBEE1B01CBDECF7009B73CB /* RegisterViewOne.swift */ = {isa = PBXFileReference; fileEncoding = 4; lastKnownFileType = sourcecode.swift; path = RegisterViewOne.swift; sourceTree = "<group>"; };
		CFBEE1B41CBDFDA6009B73CB /* BadgeViewOne.swift */ = {isa = PBXFileReference; fileEncoding = 4; lastKnownFileType = sourcecode.swift; path = BadgeViewOne.swift; sourceTree = "<group>"; };
		EF3086FF1CBDD24A004CB7B2 /* title.png */ = {isa = PBXFileReference; lastKnownFileType = image.png; path = title.png; sourceTree = "<group>"; };
		EFF92FA11CBB3241006F0AC8 /* CheckBox.swift */ = {isa = PBXFileReference; fileEncoding = 4; lastKnownFileType = sourcecode.swift; path = CheckBox.swift; sourceTree = "<group>"; };
		EFF92FA31CBB33FB006F0AC8 /* checked_checkbox.png */ = {isa = PBXFileReference; lastKnownFileType = image.png; path = checked_checkbox.png; sourceTree = "<group>"; };
		EFF92FA41CBB33FB006F0AC8 /* unchecked_checkbox.png */ = {isa = PBXFileReference; lastKnownFileType = image.png; path = unchecked_checkbox.png; sourceTree = "<group>"; };
		EFF92FA71CBB3903006F0AC8 /* app_logo.png */ = {isa = PBXFileReference; lastKnownFileType = image.png; path = app_logo.png; sourceTree = "<group>"; };
/* End PBXFileReference section */

/* Begin PBXFrameworksBuildPhase section */
		7E0CAABA1CA729B300251288 /* Frameworks */ = {
			isa = PBXFrameworksBuildPhase;
			buildActionMask = 2147483647;
			files = (
			);
			runOnlyForDeploymentPostprocessing = 0;
		};
/* End PBXFrameworksBuildPhase section */

/* Begin PBXGroup section */
		7E0CAAB41CA729B300251288 = {
			isa = PBXGroup;
			children = (
				7E0CAABF1CA729B300251288 /* Quit Smoking */,
				7E0CAABE1CA729B300251288 /* Products */,
			);
			sourceTree = "<group>";
		};
		7E0CAABE1CA729B300251288 /* Products */ = {
			isa = PBXGroup;
			children = (
				7E0CAABD1CA729B300251288 /* Quit Smoking.app */,
			);
			name = Products;
			sourceTree = "<group>";
		};
		7E0CAABF1CA729B300251288 /* Quit Smoking */ = {
			isa = PBXGroup;
			children = (
				7ECE14361CC092210018056F /* Delegates */,
				7E36B2081CBDF41700E9B4A4 /* BTNavigationDropdownMenu.swift */,
				7E36B2061CBDF41000E9B4A4 /* BTNavigationDropdownMenu.bundle */,
				7E0CAAC01CA729B300251288 /* AppDelegate.swift */,
				7E0CAAC21CA729B300251288 /* ViewController.swift */,
				7E0CAAC41CA729B300251288 /* Main.storyboard */,
				7ED4ED6F1CC0874C0004C7B3 /* Assets.xcassets */,
				EF3086FF1CBDD24A004CB7B2 /* title.png */,
				EFF92FA71CBB3903006F0AC8 /* app_logo.png */,
				EFF92FA31CBB33FB006F0AC8 /* checked_checkbox.png */,
				EFF92FA41CBB33FB006F0AC8 /* unchecked_checkbox.png */,
				EFF92FA11CBB3241006F0AC8 /* CheckBox.swift */,
				7E0CAAC91CA729B300251288 /* LaunchScreen.storyboard */,
				7E0CAACC1CA729B300251288 /* Info.plist */,
				7EC1E1DC1CA7373000A41297 /* ResponsiveTextFieldViewController.swift */,
				CFBEE1B01CBDECF7009B73CB /* RegisterViewOne.swift */,
				CFBEE1B41CBDFDA6009B73CB /* BadgeViewOne.swift */,
				CF56C75D1CC07F6700CDA8BC /* FileUtils.swift */,
				CF56C7651CC1CF6000CDA8BC /* RegisterSaveOne.swift */,
				CF56C7671CC1D43D00CDA8BC /* BadgeViewTwo.swift */,
			);
			path = "Quit Smoking";
			sourceTree = "<group>";
		};
		7ECE14361CC092210018056F /* Delegates */ = {
			isa = PBXGroup;
			children = (
			);
			name = Delegates;
			sourceTree = "<group>";
		};
/* End PBXGroup section */

/* Begin PBXNativeTarget section */
		7E0CAABC1CA729B300251288 /* Quit Smoking */ = {
			isa = PBXNativeTarget;
			buildConfigurationList = 7E0CAACF1CA729B300251288 /* Build configuration list for PBXNativeTarget "Quit Smoking" */;
			buildPhases = (
				7E0CAAB91CA729B300251288 /* Sources */,
				7E0CAABA1CA729B300251288 /* Frameworks */,
				7E0CAABB1CA729B300251288 /* Resources */,
			);
			buildRules = (
			);
			dependencies = (
			);
			name = "Quit Smoking";
			productName = "Quit Smoking";
			productReference = 7E0CAABD1CA729B300251288 /* Quit Smoking.app */;
			productType = "com.apple.product-type.application";
		};
/* End PBXNativeTarget section */

/* Begin PBXProject section */
		7E0CAAB51CA729B300251288 /* Project object */ = {
			isa = PBXProject;
			attributes = {
				LastSwiftUpdateCheck = 0730;
				LastUpgradeCheck = 0730;
				ORGANIZATIONNAME = "Le Tang Boon";
				TargetAttributes = {
					7E0CAABC1CA729B300251288 = {
						CreatedOnToolsVersion = 7.3;
						DevelopmentTeam = 96XBZBC874;
					};
				};
			};
			buildConfigurationList = 7E0CAAB81CA729B300251288 /* Build configuration list for PBXProject "Quit Smoking" */;
			compatibilityVersion = "Xcode 3.2";
			developmentRegion = English;
			hasScannedForEncodings = 0;
			knownRegions = (
				en,
				Base,
			);
			mainGroup = 7E0CAAB41CA729B300251288;
			productRefGroup = 7E0CAABE1CA729B300251288 /* Products */;
			projectDirPath = "";
			projectRoot = "";
			targets = (
				7E0CAABC1CA729B300251288 /* Quit Smoking */,
			);
		};
/* End PBXProject section */

/* Begin PBXResourcesBuildPhase section */
		7E0CAABB1CA729B300251288 /* Resources */ = {
			isa = PBXResourcesBuildPhase;
			buildActionMask = 2147483647;
			files = (
				EFF92FA51CBB33FB006F0AC8 /* checked_checkbox.png in Resources */,
				EFF92FA81CBB3903006F0AC8 /* app_logo.png in Resources */,
				EFF92FA61CBB33FB006F0AC8 /* unchecked_checkbox.png in Resources */,
				EF3087001CBDD24A004CB7B2 /* title.png in Resources */,
				7E0CAACB1CA729B300251288 /* LaunchScreen.storyboard in Resources */,
				7E0CAAC61CA729B300251288 /* Main.storyboard in Resources */,
				7ED4ED701CC0874C0004C7B3 /* Assets.xcassets in Resources */,
				7E36B2071CBDF41000E9B4A4 /* BTNavigationDropdownMenu.bundle in Resources */,
			);
			runOnlyForDeploymentPostprocessing = 0;
		};
/* End PBXResourcesBuildPhase section */

/* Begin PBXSourcesBuildPhase section */
		7E0CAAB91CA729B300251288 /* Sources */ = {
			isa = PBXSourcesBuildPhase;
			buildActionMask = 2147483647;
			files = (
				EFF92FA21CBB3241006F0AC8 /* CheckBox.swift in Sources */,
				7E36B2091CBDF41700E9B4A4 /* BTNavigationDropdownMenu.swift in Sources */,
				CFBEE1B11CBDECF7009B73CB /* RegisterViewOne.swift in Sources */,
				CF56C75E1CC07F6700CDA8BC /* FileUtils.swift in Sources */,
				7EC1E1DD1CA7373000A41297 /* ResponsiveTextFieldViewController.swift in Sources */,
				7E0CAAC31CA729B300251288 /* ViewController.swift in Sources */,
				CFBEE1B51CBDFDA6009B73CB /* BadgeViewOne.swift in Sources */,
				CF56C7681CC1D43D00CDA8BC /* BadgeViewTwo.swift in Sources */,
				CF56C7661CC1CF6000CDA8BC /* RegisterSaveOne.swift in Sources */,
				7E0CAAC11CA729B300251288 /* AppDelegate.swift in Sources */,
			);
			runOnlyForDeploymentPostprocessing = 0;
		};
/* End PBXSourcesBuildPhase section */

/* Begin PBXVariantGroup section */
		7E0CAAC41CA729B300251288 /* Main.storyboard */ = {
			isa = PBXVariantGroup;
			children = (
				7E0CAAC51CA729B300251288 /* Base */,
			);
			name = Main.storyboard;
			sourceTree = "<group>";
		};
		7E0CAAC91CA729B300251288 /* LaunchScreen.storyboard */ = {
			isa = PBXVariantGroup;
			children = (
				7E0CAACA1CA729B300251288 /* Base */,
			);
			name = LaunchScreen.storyboard;
			sourceTree = "<group>";
		};
/* End PBXVariantGroup section */

/* Begin XCBuildConfiguration section */
		7E0CAACD1CA729B300251288 /* Debug */ = {
			isa = XCBuildConfiguration;
			buildSettings = {
				ALWAYS_SEARCH_USER_PATHS = NO;
				CLANG_ANALYZER_NONNULL = YES;
				CLANG_CXX_LANGUAGE_STANDARD = "gnu++0x";
				CLANG_CXX_LIBRARY = "libc++";
				CLANG_ENABLE_MODULES = YES;
				CLANG_ENABLE_OBJC_ARC = YES;
				CLANG_WARN_BOOL_CONVERSION = YES;
				CLANG_WARN_CONSTANT_CONVERSION = YES;
				CLANG_WARN_DIRECT_OBJC_ISA_USAGE = YES_ERROR;
				CLANG_WARN_EMPTY_BODY = YES;
				CLANG_WARN_ENUM_CONVERSION = YES;
				CLANG_WARN_INT_CONVERSION = YES;
				CLANG_WARN_OBJC_ROOT_CLASS = YES_ERROR;
				CLANG_WARN_UNREACHABLE_CODE = YES;
				CLANG_WARN__DUPLICATE_METHOD_MATCH = YES;
				"CODE_SIGN_IDENTITY[sdk=iphoneos*]" = "iPhone Developer";
				COPY_PHASE_STRIP = NO;
				DEBUG_INFORMATION_FORMAT = dwarf;
				ENABLE_STRICT_OBJC_MSGSEND = YES;
				ENABLE_TESTABILITY = YES;
				GCC_C_LANGUAGE_STANDARD = gnu99;
				GCC_DYNAMIC_NO_PIC = NO;
				GCC_NO_COMMON_BLOCKS = YES;
				GCC_OPTIMIZATION_LEVEL = 0;
				GCC_PREPROCESSOR_DEFINITIONS = (
					"DEBUG=1",
					"$(inherited)",
				);
				GCC_WARN_64_TO_32_BIT_CONVERSION = YES;
				GCC_WARN_ABOUT_RETURN_TYPE = YES_ERROR;
				GCC_WARN_UNDECLARED_SELECTOR = YES;
				GCC_WARN_UNINITIALIZED_AUTOS = YES_AGGRESSIVE;
				GCC_WARN_UNUSED_FUNCTION = YES;
				GCC_WARN_UNUSED_VARIABLE = YES;
				IPHONEOS_DEPLOYMENT_TARGET = 9.3;
				MTL_ENABLE_DEBUG_INFO = YES;
				ONLY_ACTIVE_ARCH = YES;
				SDKROOT = iphoneos;
				SWIFT_OPTIMIZATION_LEVEL = "-Onone";
			};
			name = Debug;
		};
		7E0CAACE1CA729B300251288 /* Release */ = {
			isa = XCBuildConfiguration;
			buildSettings = {
				ALWAYS_SEARCH_USER_PATHS = NO;
				CLANG_ANALYZER_NONNULL = YES;
				CLANG_CXX_LANGUAGE_STANDARD = "gnu++0x";
				CLANG_CXX_LIBRARY = "libc++";
				CLANG_ENABLE_MODULES = YES;
				CLANG_ENABLE_OBJC_ARC = YES;
				CLANG_WARN_BOOL_CONVERSION = YES;
				CLANG_WARN_CONSTANT_CONVERSION = YES;
				CLANG_WARN_DIRECT_OBJC_ISA_USAGE = YES_ERROR;
				CLANG_WARN_EMPTY_BODY = YES;
				CLANG_WARN_ENUM_CONVERSION = YES;
				CLANG_WARN_INT_CONVERSION = YES;
				CLANG_WARN_OBJC_ROOT_CLASS = YES_ERROR;
				CLANG_WARN_UNREACHABLE_CODE = YES;
				CLANG_WARN__DUPLICATE_METHOD_MATCH = YES;
				"CODE_SIGN_IDENTITY[sdk=iphoneos*]" = "iPhone Developer";
				COPY_PHASE_STRIP = NO;
				DEBUG_INFORMATION_FORMAT = "dwarf-with-dsym";
				ENABLE_NS_ASSERTIONS = NO;
				ENABLE_STRICT_OBJC_MSGSEND = YES;
				GCC_C_LANGUAGE_STANDARD = gnu99;
				GCC_NO_COMMON_BLOCKS = YES;
				GCC_WARN_64_TO_32_BIT_CONVERSION = YES;
				GCC_WARN_ABOUT_RETURN_TYPE = YES_ERROR;
				GCC_WARN_UNDECLARED_SELECTOR = YES;
				GCC_WARN_UNINITIALIZED_AUTOS = YES_AGGRESSIVE;
				GCC_WARN_UNUSED_FUNCTION = YES;
				GCC_WARN_UNUSED_VARIABLE = YES;
				IPHONEOS_DEPLOYMENT_TARGET = 9.3;
				MTL_ENABLE_DEBUG_INFO = NO;
				SDKROOT = iphoneos;
				VALIDATE_PRODUCT = YES;
			};
			name = Release;
		};
		7E0CAAD01CA729B300251288 /* Debug */ = {
			isa = XCBuildConfiguration;
			buildSettings = {
				ASSETCATALOG_COMPILER_APPICON_NAME = AppIcon;
				ASSETCATALOG_COMPILER_LAUNCHIMAGE_NAME = LaunchImage;
				CODE_SIGN_IDENTITY = "iPhone Developer";
				"CODE_SIGN_IDENTITY[sdk=iphoneos*]" = "iPhone Developer";
				INFOPLIST_FILE = "Quit Smoking/Info.plist";
				LD_RUNPATH_SEARCH_PATHS = "$(inherited) @executable_path/Frameworks";
				PRODUCT_BUNDLE_IDENTIFIER = "blt.Quit-Smoking";
				PRODUCT_NAME = "$(TARGET_NAME)";
				PROVISIONING_PROFILE = "";
				TARGETED_DEVICE_FAMILY = "1,2";
			};
			name = Debug;
		};
		7E0CAAD11CA729B300251288 /* Release */ = {
			isa = XCBuildConfiguration;
			buildSettings = {
				ASSETCATALOG_COMPILER_APPICON_NAME = AppIcon;
				ASSETCATALOG_COMPILER_LAUNCHIMAGE_NAME = LaunchImage;
				CODE_SIGN_IDENTITY = "iPhone Developer";
				"CODE_SIGN_IDENTITY[sdk=iphoneos*]" = "iPhone Developer";
				INFOPLIST_FILE = "Quit Smoking/Info.plist";
				LD_RUNPATH_SEARCH_PATHS = "$(inherited) @executable_path/Frameworks";
				PRODUCT_BUNDLE_IDENTIFIER = "blt.Quit-Smoking";
				PRODUCT_NAME = "$(TARGET_NAME)";
				PROVISIONING_PROFILE = "";
				TARGETED_DEVICE_FAMILY = "1,2";
			};
			name = Release;
		};
/* End XCBuildConfiguration section */

/* Begin XCConfigurationList section */
		7E0CAAB81CA729B300251288 /* Build configuration list for PBXProject "Quit Smoking" */ = {
			isa = XCConfigurationList;
			buildConfigurations = (
				7E0CAACD1CA729B300251288 /* Debug */,
				7E0CAACE1CA729B300251288 /* Release */,
			);
			defaultConfigurationIsVisible = 0;
			defaultConfigurationName = Release;
		};
		7E0CAACF1CA729B300251288 /* Build configuration list for PBXNativeTarget "Quit Smoking" */ = {
			isa = XCConfigurationList;
			buildConfigurations = (
				7E0CAAD01CA729B300251288 /* Debug */,
				7E0CAAD11CA729B300251288 /* Release */,
			);
			defaultConfigurationIsVisible = 0;
			defaultConfigurationName = Release;
		};
/* End XCConfigurationList section */
	};
	rootObject = 7E0CAAB51CA729B300251288 /* Project object */;
}
